<Solution>
  <Folder Name="/skills/">
    <File Path="skills\dotnet_expert.md" />
    <File Path="skills\nugex_mcp_workflow.md" />
  </Folder>
  <Folder Name="/SolutionItems/">
    <File Path="AGENTS.md" />
    <File Path="flake.lock" />
    <File Path="flake.nix" />
    <File Path="nix\deps.json" />
    <File Path="README.md" />
  </Folder>
  <Project Path="NuGex\NuGex.fsproj" />
</Solution>
